
Microsoft Visual Studio Solution File, Format Version 12.00
# Visual Studio Version 17
VisualStudioVersion = 17.0.31903.59
MinimumVisualStudioVersion = 10.0.40219.1
Project("{2150E333-8FDC-42A3-9474-1A3956D46DE8}") = "Services", "Services", "{842F3043-BCA6-4A42-9207-7B47D3B56241}"
	ProjectSection(SolutionItems) = preProject
		Services\docker-compose.yml = Services\docker-compose.yml
	EndProjectSection
EndProject
Project("{2150E333-8FDC-42A3-9474-1A3956D46DE8}") = "AuthService", "AuthService", "{9AA4F59B-91AC-415A-8A2C-3939A5C284E6}"
EndProject
Project("{FAE04EC0-301F-11D3-BF4B-00C04F79EFBC}") = "AuthService.API", "Services\AuthService\AuthService.API\AuthService.API.csproj", "{7726737B-840B-4FE3-BC2D-66B3086BC96B}"
EndProject
Project("{FAE04EC0-301F-11D3-BF4B-00C04F79EFBC}") = "AuthService.Application", "Services\AuthService\AuthService.Application\AuthService.Application.csproj", "{0D4E40E1-792F-428B-8E79-916A74C00561}"
EndProject
Project("{FAE04EC0-301F-11D3-BF4B-00C04F79EFBC}") = "AuthService.Domain", "Services\AuthService\AuthService.Domain\AuthService.Domain.csproj", "{3D512380-03CA-4948-B238-FB142B1EA4DE}"
EndProject
Project("{FAE04EC0-301F-11D3-BF4B-00C04F79EFBC}") = "AuthService.Infrastructure", "Services\AuthService\AuthService.Infrastructure\AuthService.Infrastructure.csproj", "{2BE9C0F9-8D32-4F6A-A511-9C9A00FA19D8}"
EndProject
Project("{2150E333-8FDC-42A3-9474-1A3956D46DE8}") = "UserService", "UserService", "{503140AE-1373-4B8C-A233-9B844FED9E91}"
EndProject
Project("{FAE04EC0-301F-11D3-BF4B-00C04F79EFBC}") = "UserService.API", "Services\UserService\UserService.API\UserService.API.csproj", "{2475942F-901F-4EE2-98BF-DA9B1934C964}"
EndProject
Project("{FAE04EC0-301F-11D3-BF4B-00C04F79EFBC}") = "UserService.Application", "Services\UserService\UserService.Application\UserService.Application.csproj", "{828C0CC7-372E-4166-8326-649EB2CE9D2A}"
EndProject
Project("{FAE04EC0-301F-11D3-BF4B-00C04F79EFBC}") = "UserService.Domain", "Services\UserService\UserService.Domain\UserService.Domain.csproj", "{AC430EF0-43CF-40CE-956E-DFDAE4F7B9D5}"
EndProject
Project("{FAE04EC0-301F-11D3-BF4B-00C04F79EFBC}") = "UserService.Infrastructure", "Services\UserService\UserService.Infrastructure\UserService.Infrastructure.csproj", "{53C6B08F-5F20-4ECC-BD0D-0D4FF5B58900}"
EndProject
Project("{2150E333-8FDC-42A3-9474-1A3956D46DE8}") = "InteractService", "InteractService", "{D2D6F9FD-C863-49E6-A687-DDFEE24F02F5}"
EndProject
Project("{FAE04EC0-301F-11D3-BF4B-00C04F79EFBC}") = "InteractService.API", "Services\InteractService\InteractService.API\InteractService.API.csproj", "{FF5273ED-D46D-4AD8-A8E7-EB8D4DEAEC52}"
EndProject
Project("{FAE04EC0-301F-11D3-BF4B-00C04F79EFBC}") = "InteractService.Application", "Services\InteractService\InteractService.Application\InteractService.Application.csproj", "{E7B5AA6B-CDF7-43E3-8C3E-F1EBE3685537}"
EndProject
Project("{FAE04EC0-301F-11D3-BF4B-00C04F79EFBC}") = "InteractService.Domain", "Services\InteractService\InteractService.Domain\InteractService.Domain.csproj", "{3BEBC7C2-D611-4DBE-BB15-16915FA26F39}"
EndProject
Project("{FAE04EC0-301F-11D3-BF4B-00C04F79EFBC}") = "InteractService.Infrastructure", "Services\InteractService\InteractService.Infrastructure\InteractService.Infrastructure.csproj", "{DF807EA0-5ADB-4DE6-AD9E-4EB3C568EC07}"
EndProject
Project("{2150E333-8FDC-42A3-9474-1A3956D46DE8}") = "ApiGateways", "ApiGateways", "{3950F740-64C3-4D98-9E17-E5CBB829A297}"
EndProject
Project("{FAE04EC0-301F-11D3-BF4B-00C04F79EFBC}") = "ApiGateway", "ApiGateways\ApiGateway\ApiGateway.csproj", "{E693D45D-34FA-4923-A176-498F6BC9EFCD}"
EndProject
Project("{2150E333-8FDC-42A3-9474-1A3956D46DE8}") = "BuildingBlocks", "BuildingBlocks", "{CDCFCF26-7ABF-4A83-9705-C9F4BAE45781}"
EndProject
Project("{FAE04EC0-301F-11D3-BF4B-00C04F79EFBC}") = "BuildingBlocks", "BuildingBlocks\BuildingBlocks\BuildingBlocks.csproj", "{81CA1655-52C7-419B-B5B0-BCE62B2FA0F3}"
EndProject
Project("{2150E333-8FDC-42A3-9474-1A3956D46DE8}") = "ChatService", "ChatService", "{DE519043-4994-4E71-ADDF-F3181F969715}"
EndProject
Project("{FAE04EC0-301F-11D3-BF4B-00C04F79EFBC}") = "ChatService.API", "ChatService.API\ChatService.API.csproj", "{4271B8CC-3B57-43FC-A2B0-8DE69D140334}"
EndProject
Project("{FAE04EC0-301F-11D3-BF4B-00C04F79EFBC}") = "ChatService.Application", "ChatService.Application\ChatService.Application.csproj", "{59FC048B-0D39-4A03-8992-4D88BB6AEF17}"
EndProject
Project("{FAE04EC0-301F-11D3-BF4B-00C04F79EFBC}") = "ChatService.Domain", "ChatService.Domain\ChatService.Domain.csproj", "{6A94D545-BE9F-421C-A8EF-8B9D0A1B46D2}"
EndProject
Project("{FAE04EC0-301F-11D3-BF4B-00C04F79EFBC}") = "ChatService.Infrastructure", "ChatService.Infrastructure\ChatService.Infrastructure.csproj", "{1A837441-8855-4B16-A1E0-80BE6D385D29}"
EndProject
Global
	GlobalSection(SolutionConfigurationPlatforms) = preSolution
		Debug|Any CPU = Debug|Any CPU
		Release|Any CPU = Release|Any CPU
	EndGlobalSection
	GlobalSection(SolutionProperties) = preSolution
		HideSolutionNode = FALSE
	EndGlobalSection
	GlobalSection(ProjectConfigurationPlatforms) = postSolution
		{7726737B-840B-4FE3-BC2D-66B3086BC96B}.Debug|Any CPU.ActiveCfg = Debug|Any CPU
		{7726737B-840B-4FE3-BC2D-66B3086BC96B}.Debug|Any CPU.Build.0 = Debug|Any CPU
		{7726737B-840B-4FE3-BC2D-66B3086BC96B}.Release|Any CPU.ActiveCfg = Release|Any CPU
		{7726737B-840B-4FE3-BC2D-66B3086BC96B}.Release|Any CPU.Build.0 = Release|Any CPU
		{0D4E40E1-792F-428B-8E79-916A74C00561}.Debug|Any CPU.ActiveCfg = Debug|Any CPU
		{0D4E40E1-792F-428B-8E79-916A74C00561}.Debug|Any CPU.Build.0 = Debug|Any CPU
		{0D4E40E1-792F-428B-8E79-916A74C00561}.Release|Any CPU.ActiveCfg = Release|Any CPU
		{0D4E40E1-792F-428B-8E79-916A74C00561}.Release|Any CPU.Build.0 = Release|Any CPU
		{3D512380-03CA-4948-B238-FB142B1EA4DE}.Debug|Any CPU.ActiveCfg = Debug|Any CPU
		{3D512380-03CA-4948-B238-FB142B1EA4DE}.Debug|Any CPU.Build.0 = Debug|Any CPU
		{3D512380-03CA-4948-B238-FB142B1EA4DE}.Release|Any CPU.ActiveCfg = Release|Any CPU
		{3D512380-03CA-4948-B238-FB142B1EA4DE}.Release|Any CPU.Build.0 = Release|Any CPU
		{2BE9C0F9-8D32-4F6A-A511-9C9A00FA19D8}.Debug|Any CPU.ActiveCfg = Debug|Any CPU
		{2BE9C0F9-8D32-4F6A-A511-9C9A00FA19D8}.Debug|Any CPU.Build.0 = Debug|Any CPU
		{2BE9C0F9-8D32-4F6A-A511-9C9A00FA19D8}.Release|Any CPU.ActiveCfg = Release|Any CPU
		{2BE9C0F9-8D32-4F6A-A511-9C9A00FA19D8}.Release|Any CPU.Build.0 = Release|Any CPU
		{2475942F-901F-4EE2-98BF-DA9B1934C964}.Debug|Any CPU.ActiveCfg = Debug|Any CPU
		{2475942F-901F-4EE2-98BF-DA9B1934C964}.Debug|Any CPU.Build.0 = Debug|Any CPU
		{2475942F-901F-4EE2-98BF-DA9B1934C964}.Release|Any CPU.ActiveCfg = Release|Any CPU
		{2475942F-901F-4EE2-98BF-DA9B1934C964}.Release|Any CPU.Build.0 = Release|Any CPU
		{828C0CC7-372E-4166-8326-649EB2CE9D2A}.Debug|Any CPU.ActiveCfg = Debug|Any CPU
		{828C0CC7-372E-4166-8326-649EB2CE9D2A}.Debug|Any CPU.Build.0 = Debug|Any CPU
		{828C0CC7-372E-4166-8326-649EB2CE9D2A}.Release|Any CPU.ActiveCfg = Release|Any CPU
		{828C0CC7-372E-4166-8326-649EB2CE9D2A}.Release|Any CPU.Build.0 = Release|Any CPU
		{AC430EF0-43CF-40CE-956E-DFDAE4F7B9D5}.Debug|Any CPU.ActiveCfg = Debug|Any CPU
		{AC430EF0-43CF-40CE-956E-DFDAE4F7B9D5}.Debug|Any CPU.Build.0 = Debug|Any CPU
		{AC430EF0-43CF-40CE-956E-DFDAE4F7B9D5}.Release|Any CPU.ActiveCfg = Release|Any CPU
		{AC430EF0-43CF-40CE-956E-DFDAE4F7B9D5}.Release|Any CPU.Build.0 = Release|Any CPU
		{53C6B08F-5F20-4ECC-BD0D-0D4FF5B58900}.Debug|Any CPU.ActiveCfg = Debug|Any CPU
		{53C6B08F-5F20-4ECC-BD0D-0D4FF5B58900}.Debug|Any CPU.Build.0 = Debug|Any CPU
		{53C6B08F-5F20-4ECC-BD0D-0D4FF5B58900}.Release|Any CPU.ActiveCfg = Release|Any CPU
		{53C6B08F-5F20-4ECC-BD0D-0D4FF5B58900}.Release|Any CPU.Build.0 = Release|Any CPU
		{FF5273ED-D46D-4AD8-A8E7-EB8D4DEAEC52}.Debug|Any CPU.ActiveCfg = Debug|Any CPU
		{FF5273ED-D46D-4AD8-A8E7-EB8D4DEAEC52}.Debug|Any CPU.Build.0 = Debug|Any CPU
		{FF5273ED-D46D-4AD8-A8E7-EB8D4DEAEC52}.Release|Any CPU.ActiveCfg = Release|Any CPU
		{FF5273ED-D46D-4AD8-A8E7-EB8D4DEAEC52}.Release|Any CPU.Build.0 = Release|Any CPU
		{E7B5AA6B-CDF7-43E3-8C3E-F1EBE3685537}.Debug|Any CPU.ActiveCfg = Debug|Any CPU
		{E7B5AA6B-CDF7-43E3-8C3E-F1EBE3685537}.Debug|Any CPU.Build.0 = Debug|Any CPU
		{E7B5AA6B-CDF7-43E3-8C3E-F1EBE3685537}.Release|Any CPU.ActiveCfg = Release|Any CPU
		{E7B5AA6B-CDF7-43E3-8C3E-F1EBE3685537}.Release|Any CPU.Build.0 = Release|Any CPU
		{3BEBC7C2-D611-4DBE-BB15-16915FA26F39}.Debug|Any CPU.ActiveCfg = Debug|Any CPU
		{3BEBC7C2-D611-4DBE-BB15-16915FA26F39}.Debug|Any CPU.Build.0 = Debug|Any CPU
		{3BEBC7C2-D611-4DBE-BB15-16915FA26F39}.Release|Any CPU.ActiveCfg = Release|Any CPU
		{3BEBC7C2-D611-4DBE-BB15-16915FA26F39}.Release|Any CPU.Build.0 = Release|Any CPU
		{DF807EA0-5ADB-4DE6-AD9E-4EB3C568EC07}.Debug|Any CPU.ActiveCfg = Debug|Any CPU
		{DF807EA0-5ADB-4DE6-AD9E-4EB3C568EC07}.Debug|Any CPU.Build.0 = Debug|Any CPU
		{DF807EA0-5ADB-4DE6-AD9E-4EB3C568EC07}.Release|Any CPU.ActiveCfg = Release|Any CPU
		{DF807EA0-5ADB-4DE6-AD9E-4EB3C568EC07}.Release|Any CPU.Build.0 = Release|Any CPU
		{E693D45D-34FA-4923-A176-498F6BC9EFCD}.Debug|Any CPU.ActiveCfg = Debug|Any CPU
		{E693D45D-34FA-4923-A176-498F6BC9EFCD}.Debug|Any CPU.Build.0 = Debug|Any CPU
		{E693D45D-34FA-4923-A176-498F6BC9EFCD}.Release|Any CPU.ActiveCfg = Release|Any CPU
		{E693D45D-34FA-4923-A176-498F6BC9EFCD}.Release|Any CPU.Build.0 = Release|Any CPU
		{81CA1655-52C7-419B-B5B0-BCE62B2FA0F3}.Debug|Any CPU.ActiveCfg = Debug|Any CPU
		{81CA1655-52C7-419B-B5B0-BCE62B2FA0F3}.Debug|Any CPU.Build.0 = Debug|Any CPU
		{81CA1655-52C7-419B-B5B0-BCE62B2FA0F3}.Release|Any CPU.ActiveCfg = Release|Any CPU
		{81CA1655-52C7-419B-B5B0-BCE62B2FA0F3}.Release|Any CPU.Build.0 = Release|Any CPU
		{4271B8CC-3B57-43FC-A2B0-8DE69D140334}.Debug|Any CPU.ActiveCfg = Debug|Any CPU
		{4271B8CC-3B57-43FC-A2B0-8DE69D140334}.Debug|Any CPU.Build.0 = Debug|Any CPU
		{4271B8CC-3B57-43FC-A2B0-8DE69D140334}.Release|Any CPU.ActiveCfg = Release|Any CPU
		{4271B8CC-3B57-43FC-A2B0-8DE69D140334}.Release|Any CPU.Build.0 = Release|Any CPU
		{59FC048B-0D39-4A03-8992-4D88BB6AEF17}.Debug|Any CPU.ActiveCfg = Debug|Any CPU
		{59FC048B-0D39-4A03-8992-4D88BB6AEF17}.Debug|Any CPU.Build.0 = Debug|Any CPU
		{59FC048B-0D39-4A03-8992-4D88BB6AEF17}.Release|Any CPU.ActiveCfg = Release|Any CPU
		{59FC048B-0D39-4A03-8992-4D88BB6AEF17}.Release|Any CPU.Build.0 = Release|Any CPU
		{6A94D545-BE9F-421C-A8EF-8B9D0A1B46D2}.Debug|Any CPU.ActiveCfg = Debug|Any CPU
		{6A94D545-BE9F-421C-A8EF-8B9D0A1B46D2}.Debug|Any CPU.Build.0 = Debug|Any CPU
		{6A94D545-BE9F-421C-A8EF-8B9D0A1B46D2}.Release|Any CPU.ActiveCfg = Release|Any CPU
		{6A94D545-BE9F-421C-A8EF-8B9D0A1B46D2}.Release|Any CPU.Build.0 = Release|Any CPU
		{1A837441-8855-4B16-A1E0-80BE6D385D29}.Debug|Any CPU.ActiveCfg = Debug|Any CPU
		{1A837441-8855-4B16-A1E0-80BE6D385D29}.Debug|Any CPU.Build.0 = Debug|Any CPU
		{1A837441-8855-4B16-A1E0-80BE6D385D29}.Release|Any CPU.ActiveCfg = Release|Any CPU
		{1A837441-8855-4B16-A1E0-80BE6D385D29}.Release|Any CPU.Build.0 = Release|Any CPU
	EndGlobalSection
	GlobalSection(NestedProjects) = preSolution
		{9AA4F59B-91AC-415A-8A2C-3939A5C284E6} = {842F3043-BCA6-4A42-9207-7B47D3B56241}
		{7726737B-840B-4FE3-BC2D-66B3086BC96B} = {9AA4F59B-91AC-415A-8A2C-3939A5C284E6}
		{0D4E40E1-792F-428B-8E79-916A74C00561} = {9AA4F59B-91AC-415A-8A2C-3939A5C284E6}
		{3D512380-03CA-4948-B238-FB142B1EA4DE} = {9AA4F59B-91AC-415A-8A2C-3939A5C284E6}
		{2BE9C0F9-8D32-4F6A-A511-9C9A00FA19D8} = {9AA4F59B-91AC-415A-8A2C-3939A5C284E6}
		{503140AE-1373-4B8C-A233-9B844FED9E91} = {842F3043-BCA6-4A42-9207-7B47D3B56241}
		{2475942F-901F-4EE2-98BF-DA9B1934C964} = {503140AE-1373-4B8C-A233-9B844FED9E91}
		{828C0CC7-372E-4166-8326-649EB2CE9D2A} = {503140AE-1373-4B8C-A233-9B844FED9E91}
		{AC430EF0-43CF-40CE-956E-DFDAE4F7B9D5} = {503140AE-1373-4B8C-A233-9B844FED9E91}
		{53C6B08F-5F20-4ECC-BD0D-0D4FF5B58900} = {503140AE-1373-4B8C-A233-9B844FED9E91}
		{D2D6F9FD-C863-49E6-A687-DDFEE24F02F5} = {842F3043-BCA6-4A42-9207-7B47D3B56241}
		{FF5273ED-D46D-4AD8-A8E7-EB8D4DEAEC52} = {D2D6F9FD-C863-49E6-A687-DDFEE24F02F5}
		{E7B5AA6B-CDF7-43E3-8C3E-F1EBE3685537} = {D2D6F9FD-C863-49E6-A687-DDFEE24F02F5}
		{3BEBC7C2-D611-4DBE-BB15-16915FA26F39} = {D2D6F9FD-C863-49E6-A687-DDFEE24F02F5}
		{DF807EA0-5ADB-4DE6-AD9E-4EB3C568EC07} = {D2D6F9FD-C863-49E6-A687-DDFEE24F02F5}
		{E693D45D-34FA-4923-A176-498F6BC9EFCD} = {3950F740-64C3-4D98-9E17-E5CBB829A297}
		{81CA1655-52C7-419B-B5B0-BCE62B2FA0F3} = {CDCFCF26-7ABF-4A83-9705-C9F4BAE45781}
		{DE519043-4994-4E71-ADDF-F3181F969715} = {842F3043-BCA6-4A42-9207-7B47D3B56241}
		{4271B8CC-3B57-43FC-A2B0-8DE69D140334} = {DE519043-4994-4E71-ADDF-F3181F969715}
		{59FC048B-0D39-4A03-8992-4D88BB6AEF17} = {DE519043-4994-4E71-ADDF-F3181F969715}
		{6A94D545-BE9F-421C-A8EF-8B9D0A1B46D2} = {DE519043-4994-4E71-ADDF-F3181F969715}
		{1A837441-8855-4B16-A1E0-80BE6D385D29} = {DE519043-4994-4E71-ADDF-F3181F969715}
	EndGlobalSection
EndGlobal
